// !$*UTF8*$!
{
	archiveVersion = 1;
	classes = {
	};
	objectVersion = 56;
	objects = {

/* Begin PBXBuildFile section */
		AC0541CF2A0D555600E24804 /* AppDelegate.swift in Sources */ = {isa = PBXBuildFile; fileRef = AC0541CE2A0D555600E24804 /* AppDelegate.swift */; };
		AC14F8D62A06CD860049D669 /* Chaos_CardsApp.swift in Sources */ = {isa = PBXBuildFile; fileRef = AC14F8D52A06CD860049D669 /* Chaos_CardsApp.swift */; };
		AC14F8D82A06CD860049D669 /* CardListView.swift in Sources */ = {isa = PBXBuildFile; fileRef = AC14F8D72A06CD860049D669 /* CardListView.swift */; };
		AC14F8DA2A06CD870049D669 /* Assets.xcassets in Resources */ = {isa = PBXBuildFile; fileRef = AC14F8D92A06CD870049D669 /* Assets.xcassets */; };
		AC14F8DD2A06CD870049D669 /* Preview Assets.xcassets in Resources */ = {isa = PBXBuildFile; fileRef = AC14F8DC2A06CD870049D669 /* Preview Assets.xcassets */; };
		AC14F8F12A06CD870049D669 /* Chaos_CardsUITests.swift in Sources */ = {isa = PBXBuildFile; fileRef = AC14F8F02A06CD870049D669 /* Chaos_CardsUITests.swift */; };
		AC14F8F32A06CD870049D669 /* Chaos_CardsUITestsLaunchTests.swift in Sources */ = {isa = PBXBuildFile; fileRef = AC14F8F22A06CD870049D669 /* Chaos_CardsUITestsLaunchTests.swift */; };
		AC14F9002A06D2E30049D669 /* CardView.swift in Sources */ = {isa = PBXBuildFile; fileRef = AC14F8FF2A06D2E30049D669 /* CardView.swift */; };
		AC14F9022A06D7C80049D669 /* Card.swift in Sources */ = {isa = PBXBuildFile; fileRef = AC14F9012A06D7C80049D669 /* Card.swift */; };
		AC14F90A2A0953780049D669 /* EditCardView.swift in Sources */ = {isa = PBXBuildFile; fileRef = AC14F9092A0953780049D669 /* EditCardView.swift */; };
		AC14F9262A09A2DD0049D669 /* SettingsView.swift in Sources */ = {isa = PBXBuildFile; fileRef = AC14F9252A09A2DD0049D669 /* SettingsView.swift */; };
		AC14F92A2A0ADBB80049D669 /* Deck.swift in Sources */ = {isa = PBXBuildFile; fileRef = AC14F9292A0ADBB80049D669 /* Deck.swift */; };
		AC14F92C2A0ADE550049D669 /* Quiz.swift in Sources */ = {isa = PBXBuildFile; fileRef = AC14F92B2A0ADE550049D669 /* Quiz.swift */; };
		AC14F92E2A0ADEC30049D669 /* Question.swift in Sources */ = {isa = PBXBuildFile; fileRef = AC14F92D2A0ADEC30049D669 /* Question.swift */; };
		AC14F9342A0AEE830049D669 /* Choice.swift in Sources */ = {isa = PBXBuildFile; fileRef = AC14F9332A0AEE830049D669 /* Choice.swift */; };
		AC2F70FA2A0D3FD000AE36D2 /* QuizStrings.swift in Sources */ = {isa = PBXBuildFile; fileRef = AC2F70F92A0D3FD000AE36D2 /* QuizStrings.swift */; };
		AC5147882A290DBA000CF39D /* Route.swift in Sources */ = {isa = PBXBuildFile; fileRef = AC5147872A290DBA000CF39D /* Route.swift */; };
		AC51478A2A290DFC000CF39D /* RouteView.swift in Sources */ = {isa = PBXBuildFile; fileRef = AC5147892A290DFC000CF39D /* RouteView.swift */; };
		AC51478D2A291174000CF39D /* ResultsView.swift in Sources */ = {isa = PBXBuildFile; fileRef = AC51478C2A291174000CF39D /* ResultsView.swift */; };
		AC59DC092A2D276400918122 /* ResendQuestionView.swift in Sources */ = {isa = PBXBuildFile; fileRef = AC59DC082A2D276400918122 /* ResendQuestionView.swift */; };
		AC59DC0B2A2D301500918122 /* NotificationAuthManagerTests.swift in Sources */ = {isa = PBXBuildFile; fileRef = AC59DC0A2A2D301500918122 /* NotificationAuthManagerTests.swift */; };
		AC79D4E12A1430F200C76B73 /* QuizServiceResponse.swift in Sources */ = {isa = PBXBuildFile; fileRef = AC79D4E02A1430F200C76B73 /* QuizServiceResponse.swift */; };
		AC8669E52A1293A2009FF5D5 /* QuizServiceTests.swift in Sources */ = {isa = PBXBuildFile; fileRef = AC8669E42A1293A2009FF5D5 /* QuizServiceTests.swift */; };
		AC95D10D2A152CEF0033BB79 /* QuizServiceResponseTests.swift in Sources */ = {isa = PBXBuildFile; fileRef = AC95D10C2A152CEF0033BB79 /* QuizServiceResponseTests.swift */; };
		AC95D10F2A1561A80033BB79 /* ScoreKeeper.swift in Sources */ = {isa = PBXBuildFile; fileRef = AC95D10E2A1561A80033BB79 /* ScoreKeeper.swift */; };
		AC95D1112A15620B0033BB79 /* ScoreKeeperTests.swift in Sources */ = {isa = PBXBuildFile; fileRef = AC95D1102A15620B0033BB79 /* ScoreKeeperTests.swift */; };
		ACA0C6F82A140FD200DFE486 /* CardViewModel.swift in Sources */ = {isa = PBXBuildFile; fileRef = ACA0C6F72A140FD200DFE486 /* CardViewModel.swift */; };
		ACA192882A17D97900539527 /* QuizTests.swift in Sources */ = {isa = PBXBuildFile; fileRef = ACA192872A17D97900539527 /* QuizTests.swift */; };
		ACAD537B2A1586650090B94A /* QuizUserAnswer.swift in Sources */ = {isa = PBXBuildFile; fileRef = ACAD537A2A1586650090B94A /* QuizUserAnswer.swift */; };
		ACB1B39B2A0AFD7300607F12 /* UNNotification+QuestionTests.swift in Sources */ = {isa = PBXBuildFile; fileRef = ACB1B39A2A0AFD7300607F12 /* UNNotification+QuestionTests.swift */; };
		ACB1B39D2A0BDEB000607F12 /* UNNotification+Question.swift in Sources */ = {isa = PBXBuildFile; fileRef = ACB1B39C2A0BDEB000607F12 /* UNNotification+Question.swift */; };
		ACB8C8C42A0E823B005DD4D3 /* QuizService.swift in Sources */ = {isa = PBXBuildFile; fileRef = ACB8C8C32A0E823B005DD4D3 /* QuizService.swift */; };
		ACBABFC32A16B54000619031 /* QuizSequenceTests.swift in Sources */ = {isa = PBXBuildFile; fileRef = ACBABFC22A16B54000619031 /* QuizSequenceTests.swift */; };
		ACD33D092A3126420042F81A /* ChaosCards.xcdatamodeld in Sources */ = {isa = PBXBuildFile; fileRef = ACD33D072A3126420042F81A /* ChaosCards.xcdatamodeld */; };
		ACD33D0B2A3127870042F81A /* PersistentContainer.swift in Sources */ = {isa = PBXBuildFile; fileRef = ACD33D0A2A3127870042F81A /* PersistentContainer.swift */; };
		ACD33D0D2A3129350042F81A /* DecksListView.swift in Sources */ = {isa = PBXBuildFile; fileRef = ACD33D0C2A3129350042F81A /* DecksListView.swift */; };
		ACD33D0F2A326B490042F81A /* Entity+convenience.swift in Sources */ = {isa = PBXBuildFile; fileRef = ACD33D0E2A326B490042F81A /* Entity+convenience.swift */; };
		ACDDF7922A3E92EA00C8C787 /* DeckListViewModel.swift in Sources */ = {isa = PBXBuildFile; fileRef = ACDDF7912A3E92EA00C8C787 /* DeckListViewModel.swift */; };
		ACF030BB2A293CA700FCB3A9 /* ResultsViewModel.swift in Sources */ = {isa = PBXBuildFile; fileRef = ACF030BA2A293CA700FCB3A9 /* ResultsViewModel.swift */; };
		ACF030BD2A2A68FA00FCB3A9 /* ListItemViewModel.swift in Sources */ = {isa = PBXBuildFile; fileRef = ACF030BC2A2A68FA00FCB3A9 /* ListItemViewModel.swift */; };
		ACF030BF2A2A691800FCB3A9 /* ResultsCellView.swift in Sources */ = {isa = PBXBuildFile; fileRef = ACF030BE2A2A691800FCB3A9 /* ResultsCellView.swift */; };
/* End PBXBuildFile section */

/* Begin PBXContainerItemProxy section */
		AC14F8E32A06CD870049D669 /* PBXContainerItemProxy */ = {
			isa = PBXContainerItemProxy;
			containerPortal = AC14F8CA2A06CD860049D669 /* Project object */;
			proxyType = 1;
			remoteGlobalIDString = AC14F8D12A06CD860049D669;
			remoteInfo = "Chaos Cards";
		};
		AC14F8ED2A06CD870049D669 /* PBXContainerItemProxy */ = {
			isa = PBXContainerItemProxy;
			containerPortal = AC14F8CA2A06CD860049D669 /* Project object */;
			proxyType = 1;
			remoteGlobalIDString = AC14F8D12A06CD860049D669;
			remoteInfo = "Chaos Cards";
		};
/* End PBXContainerItemProxy section */

/* Begin PBXFileReference section */
		AC0541CE2A0D555600E24804 /* AppDelegate.swift */ = {isa = PBXFileReference; lastKnownFileType = sourcecode.swift; path = AppDelegate.swift; sourceTree = "<group>"; };
		AC14F8D22A06CD860049D669 /* Chaos Cards.app */ = {isa = PBXFileReference; explicitFileType = wrapper.application; includeInIndex = 0; path = "Chaos Cards.app"; sourceTree = BUILT_PRODUCTS_DIR; };
		AC14F8D52A06CD860049D669 /* Chaos_CardsApp.swift */ = {isa = PBXFileReference; lastKnownFileType = sourcecode.swift; path = Chaos_CardsApp.swift; sourceTree = "<group>"; };
		AC14F8D72A06CD860049D669 /* CardListView.swift */ = {isa = PBXFileReference; lastKnownFileType = sourcecode.swift; path = CardListView.swift; sourceTree = "<group>"; };
		AC14F8D92A06CD870049D669 /* Assets.xcassets */ = {isa = PBXFileReference; lastKnownFileType = folder.assetcatalog; path = Assets.xcassets; sourceTree = "<group>"; };
		AC14F8DC2A06CD870049D669 /* Preview Assets.xcassets */ = {isa = PBXFileReference; lastKnownFileType = folder.assetcatalog; path = "Preview Assets.xcassets"; sourceTree = "<group>"; };
		AC14F8E22A06CD870049D669 /* Chaos CardsTests.xctest */ = {isa = PBXFileReference; explicitFileType = wrapper.cfbundle; includeInIndex = 0; path = "Chaos CardsTests.xctest"; sourceTree = BUILT_PRODUCTS_DIR; };
		AC14F8EC2A06CD870049D669 /* Chaos CardsUITests.xctest */ = {isa = PBXFileReference; explicitFileType = wrapper.cfbundle; includeInIndex = 0; path = "Chaos CardsUITests.xctest"; sourceTree = BUILT_PRODUCTS_DIR; };
		AC14F8F02A06CD870049D669 /* Chaos_CardsUITests.swift */ = {isa = PBXFileReference; lastKnownFileType = sourcecode.swift; path = Chaos_CardsUITests.swift; sourceTree = "<group>"; };
		AC14F8F22A06CD870049D669 /* Chaos_CardsUITestsLaunchTests.swift */ = {isa = PBXFileReference; lastKnownFileType = sourcecode.swift; path = Chaos_CardsUITestsLaunchTests.swift; sourceTree = "<group>"; };
		AC14F8FF2A06D2E30049D669 /* CardView.swift */ = {isa = PBXFileReference; lastKnownFileType = sourcecode.swift; path = CardView.swift; sourceTree = "<group>"; };
		AC14F9012A06D7C80049D669 /* Card.swift */ = {isa = PBXFileReference; lastKnownFileType = sourcecode.swift; path = Card.swift; sourceTree = "<group>"; };
		AC14F9092A0953780049D669 /* EditCardView.swift */ = {isa = PBXFileReference; lastKnownFileType = sourcecode.swift; path = EditCardView.swift; sourceTree = "<group>"; };
		AC14F9252A09A2DD0049D669 /* SettingsView.swift */ = {isa = PBXFileReference; lastKnownFileType = sourcecode.swift; path = SettingsView.swift; sourceTree = "<group>"; };
		AC14F9292A0ADBB80049D669 /* Deck.swift */ = {isa = PBXFileReference; lastKnownFileType = sourcecode.swift; path = Deck.swift; sourceTree = "<group>"; };
		AC14F92B2A0ADE550049D669 /* Quiz.swift */ = {isa = PBXFileReference; lastKnownFileType = sourcecode.swift; path = Quiz.swift; sourceTree = "<group>"; };
		AC14F92D2A0ADEC30049D669 /* Question.swift */ = {isa = PBXFileReference; lastKnownFileType = sourcecode.swift; path = Question.swift; sourceTree = "<group>"; };
		AC14F9332A0AEE830049D669 /* Choice.swift */ = {isa = PBXFileReference; lastKnownFileType = sourcecode.swift; path = Choice.swift; sourceTree = "<group>"; };
		AC2F70F92A0D3FD000AE36D2 /* QuizStrings.swift */ = {isa = PBXFileReference; lastKnownFileType = sourcecode.swift; path = QuizStrings.swift; sourceTree = "<group>"; };
		AC5147872A290DBA000CF39D /* Route.swift */ = {isa = PBXFileReference; lastKnownFileType = sourcecode.swift; path = Route.swift; sourceTree = "<group>"; };
		AC5147892A290DFC000CF39D /* RouteView.swift */ = {isa = PBXFileReference; lastKnownFileType = sourcecode.swift; path = RouteView.swift; sourceTree = "<group>"; };
		AC51478C2A291174000CF39D /* ResultsView.swift */ = {isa = PBXFileReference; lastKnownFileType = sourcecode.swift; path = ResultsView.swift; sourceTree = "<group>"; };
		AC59DC082A2D276400918122 /* ResendQuestionView.swift */ = {isa = PBXFileReference; lastKnownFileType = sourcecode.swift; path = ResendQuestionView.swift; sourceTree = "<group>"; };
		AC59DC0A2A2D301500918122 /* NotificationAuthManagerTests.swift */ = {isa = PBXFileReference; lastKnownFileType = sourcecode.swift; path = NotificationAuthManagerTests.swift; sourceTree = "<group>"; };
		AC5CC91D2A1BF42C00395170 /* Chaos-Cards-Info.plist */ = {isa = PBXFileReference; lastKnownFileType = text.plist; path = "Chaos-Cards-Info.plist"; sourceTree = SOURCE_ROOT; };
		AC79D4E02A1430F200C76B73 /* QuizServiceResponse.swift */ = {isa = PBXFileReference; lastKnownFileType = sourcecode.swift; path = QuizServiceResponse.swift; sourceTree = "<group>"; };
		AC8669E42A1293A2009FF5D5 /* QuizServiceTests.swift */ = {isa = PBXFileReference; lastKnownFileType = sourcecode.swift; path = QuizServiceTests.swift; sourceTree = "<group>"; };
		AC95D10C2A152CEF0033BB79 /* QuizServiceResponseTests.swift */ = {isa = PBXFileReference; lastKnownFileType = sourcecode.swift; path = QuizServiceResponseTests.swift; sourceTree = "<group>"; };
		AC95D10E2A1561A80033BB79 /* ScoreKeeper.swift */ = {isa = PBXFileReference; lastKnownFileType = sourcecode.swift; path = ScoreKeeper.swift; sourceTree = "<group>"; };
		AC95D1102A15620B0033BB79 /* ScoreKeeperTests.swift */ = {isa = PBXFileReference; lastKnownFileType = sourcecode.swift; path = ScoreKeeperTests.swift; sourceTree = "<group>"; };
		ACA0C6F72A140FD200DFE486 /* CardViewModel.swift */ = {isa = PBXFileReference; lastKnownFileType = sourcecode.swift; path = CardViewModel.swift; sourceTree = "<group>"; };
		ACA192872A17D97900539527 /* QuizTests.swift */ = {isa = PBXFileReference; lastKnownFileType = sourcecode.swift; path = QuizTests.swift; sourceTree = "<group>"; };
		ACAD537A2A1586650090B94A /* QuizUserAnswer.swift */ = {isa = PBXFileReference; lastKnownFileType = sourcecode.swift; path = QuizUserAnswer.swift; sourceTree = "<group>"; };
		ACB1B39A2A0AFD7300607F12 /* UNNotification+QuestionTests.swift */ = {isa = PBXFileReference; lastKnownFileType = sourcecode.swift; path = "UNNotification+QuestionTests.swift"; sourceTree = "<group>"; };
		ACB1B39C2A0BDEB000607F12 /* UNNotification+Question.swift */ = {isa = PBXFileReference; lastKnownFileType = sourcecode.swift; path = "UNNotification+Question.swift"; sourceTree = "<group>"; };
		ACB8C8C32A0E823B005DD4D3 /* QuizService.swift */ = {isa = PBXFileReference; lastKnownFileType = sourcecode.swift; path = QuizService.swift; sourceTree = "<group>"; };
		ACBABFC22A16B54000619031 /* QuizSequenceTests.swift */ = {isa = PBXFileReference; lastKnownFileType = sourcecode.swift; path = QuizSequenceTests.swift; sourceTree = "<group>"; };
		ACD33D082A3126420042F81A /* ChaosCards.xcdatamodel */ = {isa = PBXFileReference; lastKnownFileType = wrapper.xcdatamodel; path = ChaosCards.xcdatamodel; sourceTree = "<group>"; };
		ACD33D0A2A3127870042F81A /* PersistentContainer.swift */ = {isa = PBXFileReference; lastKnownFileType = sourcecode.swift; path = PersistentContainer.swift; sourceTree = "<group>"; };
		ACD33D0C2A3129350042F81A /* DecksListView.swift */ = {isa = PBXFileReference; lastKnownFileType = sourcecode.swift; path = DecksListView.swift; sourceTree = "<group>"; };
		ACD33D0E2A326B490042F81A /* Entity+convenience.swift */ = {isa = PBXFileReference; lastKnownFileType = sourcecode.swift; path = "Entity+convenience.swift"; sourceTree = "<group>"; };
		ACDDF7912A3E92EA00C8C787 /* DeckListViewModel.swift */ = {isa = PBXFileReference; lastKnownFileType = sourcecode.swift; path = DeckListViewModel.swift; sourceTree = "<group>"; };
		ACF030BA2A293CA700FCB3A9 /* ResultsViewModel.swift */ = {isa = PBXFileReference; lastKnownFileType = sourcecode.swift; path = ResultsViewModel.swift; sourceTree = "<group>"; };
		ACF030BC2A2A68FA00FCB3A9 /* ListItemViewModel.swift */ = {isa = PBXFileReference; lastKnownFileType = sourcecode.swift; path = ListItemViewModel.swift; sourceTree = "<group>"; };
		ACF030BE2A2A691800FCB3A9 /* ResultsCellView.swift */ = {isa = PBXFileReference; lastKnownFileType = sourcecode.swift; path = ResultsCellView.swift; sourceTree = "<group>"; };
/* End PBXFileReference section */

/* Begin PBXFrameworksBuildPhase section */
		AC14F8CF2A06CD860049D669 /* Frameworks */ = {
			isa = PBXFrameworksBuildPhase;
			buildActionMask = 2147483647;
			files = (
			);
			runOnlyForDeploymentPostprocessing = 0;
		};
		AC14F8DF2A06CD870049D669 /* Frameworks */ = {
			isa = PBXFrameworksBuildPhase;
			buildActionMask = 2147483647;
			files = (
			);
			runOnlyForDeploymentPostprocessing = 0;
		};
		AC14F8E92A06CD870049D669 /* Frameworks */ = {
			isa = PBXFrameworksBuildPhase;
			buildActionMask = 2147483647;
			files = (
			);
			runOnlyForDeploymentPostprocessing = 0;
		};
/* End PBXFrameworksBuildPhase section */

/* Begin PBXGroup section */
		AC14F8C92A06CD860049D669 = {
			isa = PBXGroup;
			children = (
				AC14F8D42A06CD860049D669 /* Chaos Cards */,
				AC14F8E52A06CD870049D669 /* Chaos CardsTests */,
				AC14F8EF2A06CD870049D669 /* Chaos CardsUITests */,
				AC14F8D32A06CD860049D669 /* Products */,
			);
			sourceTree = "<group>";
		};
		AC14F8D32A06CD860049D669 /* Products */ = {
			isa = PBXGroup;
			children = (
				AC14F8D22A06CD860049D669 /* Chaos Cards.app */,
				AC14F8E22A06CD870049D669 /* Chaos CardsTests.xctest */,
				AC14F8EC2A06CD870049D669 /* Chaos CardsUITests.xctest */,
			);
			name = Products;
			sourceTree = "<group>";
		};
		AC14F8D42A06CD860049D669 /* Chaos Cards */ = {
			isa = PBXGroup;
			children = (
				AC5CC91D2A1BF42C00395170 /* Chaos-Cards-Info.plist */,
				AC0541CE2A0D555600E24804 /* AppDelegate.swift */,
				AC14F8D52A06CD860049D669 /* Chaos_CardsApp.swift */,
				AC5147872A290DBA000CF39D /* Route.swift */,
				AC5147892A290DFC000CF39D /* RouteView.swift */,
				ACD33D032A31255C0042F81A /* CoreData */,
				AC14F9302A0AE5A80049D669 /* Card */,
				AC14F92F2A0AE5950049D669 /* Quiz */,
				AC51478B2A291135000CF39D /* Result */,
				AC14F9252A09A2DD0049D669 /* SettingsView.swift */,
				AC14F8D92A06CD870049D669 /* Assets.xcassets */,
				AC14F8DB2A06CD870049D669 /* Preview Content */,
			);
			path = "Chaos Cards";
			sourceTree = "<group>";
		};
		AC14F8DB2A06CD870049D669 /* Preview Content */ = {
			isa = PBXGroup;
			children = (
				AC14F8DC2A06CD870049D669 /* Preview Assets.xcassets */,
			);
			path = "Preview Content";
			sourceTree = "<group>";
		};
		AC14F8E52A06CD870049D669 /* Chaos CardsTests */ = {
			isa = PBXGroup;
			children = (
				ACB1B39A2A0AFD7300607F12 /* UNNotification+QuestionTests.swift */,
				AC95D10C2A152CEF0033BB79 /* QuizServiceResponseTests.swift */,
				AC8669E42A1293A2009FF5D5 /* QuizServiceTests.swift */,
				AC95D1102A15620B0033BB79 /* ScoreKeeperTests.swift */,
				ACBABFC22A16B54000619031 /* QuizSequenceTests.swift */,
				ACA192872A17D97900539527 /* QuizTests.swift */,
				AC59DC0A2A2D301500918122 /* NotificationAuthManagerTests.swift */,
			);
			path = "Chaos CardsTests";
			sourceTree = "<group>";
		};
		AC14F8EF2A06CD870049D669 /* Chaos CardsUITests */ = {
			isa = PBXGroup;
			children = (
				AC14F8F02A06CD870049D669 /* Chaos_CardsUITests.swift */,
				AC14F8F22A06CD870049D669 /* Chaos_CardsUITestsLaunchTests.swift */,
			);
			path = "Chaos CardsUITests";
			sourceTree = "<group>";
		};
		AC14F92F2A0AE5950049D669 /* Quiz */ = {
			isa = PBXGroup;
			children = (
				AC14F92B2A0ADE550049D669 /* Quiz.swift */,
				ACB8C8C32A0E823B005DD4D3 /* QuizService.swift */,
				AC79D4E02A1430F200C76B73 /* QuizServiceResponse.swift */,
				AC95D10E2A1561A80033BB79 /* ScoreKeeper.swift */,
				ACAD537A2A1586650090B94A /* QuizUserAnswer.swift */,
				AC14F92D2A0ADEC30049D669 /* Question.swift */,
				AC14F9332A0AEE830049D669 /* Choice.swift */,
				ACB1B39C2A0BDEB000607F12 /* UNNotification+Question.swift */,
				AC59DC082A2D276400918122 /* ResendQuestionView.swift */,
				AC2F70F92A0D3FD000AE36D2 /* QuizStrings.swift */,
			);
			path = Quiz;
			sourceTree = "<group>";
		};
		AC14F9302A0AE5A80049D669 /* Card */ = {
			isa = PBXGroup;
			children = (
				AC14F8D72A06CD860049D669 /* CardListView.swift */,
				AC14F9092A0953780049D669 /* EditCardView.swift */,
				AC14F8FF2A06D2E30049D669 /* CardView.swift */,
				ACA0C6F72A140FD200DFE486 /* CardViewModel.swift */,
				AC14F9292A0ADBB80049D669 /* Deck.swift */,
				AC14F9012A06D7C80049D669 /* Card.swift */,
				ACD33D0C2A3129350042F81A /* DecksListView.swift */,
				ACDDF7912A3E92EA00C8C787 /* DeckListViewModel.swift */,
			);
			path = Card;
			sourceTree = "<group>";
		};
		AC51478B2A291135000CF39D /* Result */ = {
			isa = PBXGroup;
			children = (
				AC51478C2A291174000CF39D /* ResultsView.swift */,
				ACF030BE2A2A691800FCB3A9 /* ResultsCellView.swift */,
				ACF030BC2A2A68FA00FCB3A9 /* ListItemViewModel.swift */,
				ACF030BA2A293CA700FCB3A9 /* ResultsViewModel.swift */,
			);
			path = Result;
			sourceTree = "<group>";
		};
		ACD33D032A31255C0042F81A /* CoreData */ = {
			isa = PBXGroup;
			children = (
				ACD33D072A3126420042F81A /* ChaosCards.xcdatamodeld */,
				ACD33D0A2A3127870042F81A /* PersistentContainer.swift */,
				ACD33D0E2A326B490042F81A /* Entity+convenience.swift */,
			);
			path = CoreData;
			sourceTree = "<group>";
		};
/* End PBXGroup section */

/* Begin PBXNativeTarget section */
		AC14F8D12A06CD860049D669 /* Chaos Cards */ = {
			isa = PBXNativeTarget;
			buildConfigurationList = AC14F8F62A06CD870049D669 /* Build configuration list for PBXNativeTarget "Chaos Cards" */;
			buildPhases = (
				AC14F8CE2A06CD860049D669 /* Sources */,
				AC14F8CF2A06CD860049D669 /* Frameworks */,
				AC14F8D02A06CD860049D669 /* Resources */,
			);
			buildRules = (
			);
			dependencies = (
			);
			name = "Chaos Cards";
			productName = "Chaos Cards";
			productReference = AC14F8D22A06CD860049D669 /* Chaos Cards.app */;
			productType = "com.apple.product-type.application";
		};
		AC14F8E12A06CD870049D669 /* Chaos CardsTests */ = {
			isa = PBXNativeTarget;
			buildConfigurationList = AC14F8F92A06CD870049D669 /* Build configuration list for PBXNativeTarget "Chaos CardsTests" */;
			buildPhases = (
				AC14F8DE2A06CD870049D669 /* Sources */,
				AC14F8DF2A06CD870049D669 /* Frameworks */,
				AC14F8E02A06CD870049D669 /* Resources */,
			);
			buildRules = (
			);
			dependencies = (
				AC14F8E42A06CD870049D669 /* PBXTargetDependency */,
			);
			name = "Chaos CardsTests";
			productName = "Chaos CardsTests";
			productReference = AC14F8E22A06CD870049D669 /* Chaos CardsTests.xctest */;
			productType = "com.apple.product-type.bundle.unit-test";
		};
		AC14F8EB2A06CD870049D669 /* Chaos CardsUITests */ = {
			isa = PBXNativeTarget;
			buildConfigurationList = AC14F8FC2A06CD870049D669 /* Build configuration list for PBXNativeTarget "Chaos CardsUITests" */;
			buildPhases = (
				AC14F8E82A06CD870049D669 /* Sources */,
				AC14F8E92A06CD870049D669 /* Frameworks */,
				AC14F8EA2A06CD870049D669 /* Resources */,
			);
			buildRules = (
			);
			dependencies = (
				AC14F8EE2A06CD870049D669 /* PBXTargetDependency */,
			);
			name = "Chaos CardsUITests";
			productName = "Chaos CardsUITests";
			productReference = AC14F8EC2A06CD870049D669 /* Chaos CardsUITests.xctest */;
			productType = "com.apple.product-type.bundle.ui-testing";
		};
/* End PBXNativeTarget section */

/* Begin PBXProject section */
		AC14F8CA2A06CD860049D669 /* Project object */ = {
			isa = PBXProject;
			attributes = {
				BuildIndependentTargetsInParallel = 1;
				LastSwiftUpdateCheck = 1420;
				LastUpgradeCheck = 1420;
				TargetAttributes = {
					AC14F8D12A06CD860049D669 = {
						CreatedOnToolsVersion = 14.2;
					};
					AC14F8E12A06CD870049D669 = {
						CreatedOnToolsVersion = 14.2;
						TestTargetID = AC14F8D12A06CD860049D669;
					};
					AC14F8EB2A06CD870049D669 = {
						CreatedOnToolsVersion = 14.2;
						TestTargetID = AC14F8D12A06CD860049D669;
					};
				};
			};
			buildConfigurationList = AC14F8CD2A06CD860049D669 /* Build configuration list for PBXProject "Chaos Cards" */;
			compatibilityVersion = "Xcode 14.0";
			developmentRegion = en;
			hasScannedForEncodings = 0;
			knownRegions = (
				en,
				Base,
			);
			mainGroup = AC14F8C92A06CD860049D669;
			productRefGroup = AC14F8D32A06CD860049D669 /* Products */;
			projectDirPath = "";
			projectRoot = "";
			targets = (
				AC14F8D12A06CD860049D669 /* Chaos Cards */,
				AC14F8E12A06CD870049D669 /* Chaos CardsTests */,
				AC14F8EB2A06CD870049D669 /* Chaos CardsUITests */,
			);
		};
/* End PBXProject section */

/* Begin PBXResourcesBuildPhase section */
		AC14F8D02A06CD860049D669 /* Resources */ = {
			isa = PBXResourcesBuildPhase;
			buildActionMask = 2147483647;
			files = (
				AC14F8DD2A06CD870049D669 /* Preview Assets.xcassets in Resources */,
				AC14F8DA2A06CD870049D669 /* Assets.xcassets in Resources */,
			);
			runOnlyForDeploymentPostprocessing = 0;
		};
		AC14F8E02A06CD870049D669 /* Resources */ = {
			isa = PBXResourcesBuildPhase;
			buildActionMask = 2147483647;
			files = (
			);
			runOnlyForDeploymentPostprocessing = 0;
		};
		AC14F8EA2A06CD870049D669 /* Resources */ = {
			isa = PBXResourcesBuildPhase;
			buildActionMask = 2147483647;
			files = (
			);
			runOnlyForDeploymentPostprocessing = 0;
		};
/* End PBXResourcesBuildPhase section */

/* Begin PBXSourcesBuildPhase section */
		AC14F8CE2A06CD860049D669 /* Sources */ = {
			isa = PBXSourcesBuildPhase;
			buildActionMask = 2147483647;
			files = (
				AC14F92A2A0ADBB80049D669 /* Deck.swift in Sources */,
				AC14F8D82A06CD860049D669 /* CardListView.swift in Sources */,
				AC14F9002A06D2E30049D669 /* CardView.swift in Sources */,
				ACB1B39D2A0BDEB000607F12 /* UNNotification+Question.swift in Sources */,
				AC14F92E2A0ADEC30049D669 /* Question.swift in Sources */,
				AC51478D2A291174000CF39D /* ResultsView.swift in Sources */,
				ACD33D0B2A3127870042F81A /* PersistentContainer.swift in Sources */,
				AC14F90A2A0953780049D669 /* EditCardView.swift in Sources */,
				AC14F9262A09A2DD0049D669 /* SettingsView.swift in Sources */,
				AC2F70FA2A0D3FD000AE36D2 /* QuizStrings.swift in Sources */,
				ACF030BB2A293CA700FCB3A9 /* ResultsViewModel.swift in Sources */,
				ACB8C8C42A0E823B005DD4D3 /* QuizService.swift in Sources */,
				AC0541CF2A0D555600E24804 /* AppDelegate.swift in Sources */,
				ACF030BD2A2A68FA00FCB3A9 /* ListItemViewModel.swift in Sources */,
				AC14F8D62A06CD860049D669 /* Chaos_CardsApp.swift in Sources */,
				AC14F9342A0AEE830049D669 /* Choice.swift in Sources */,
				AC95D10F2A1561A80033BB79 /* ScoreKeeper.swift in Sources */,
				AC14F92C2A0ADE550049D669 /* Quiz.swift in Sources */,
				ACD33D0F2A326B490042F81A /* Entity+convenience.swift in Sources */,
				AC79D4E12A1430F200C76B73 /* QuizServiceResponse.swift in Sources */,
				AC14F9022A06D7C80049D669 /* Card.swift in Sources */,
				ACDDF7922A3E92EA00C8C787 /* DeckListViewModel.swift in Sources */,
				AC51478A2A290DFC000CF39D /* RouteView.swift in Sources */,
				ACA0C6F82A140FD200DFE486 /* CardViewModel.swift in Sources */,
				ACF030BF2A2A691800FCB3A9 /* ResultsCellView.swift in Sources */,
				ACD33D092A3126420042F81A /* ChaosCards.xcdatamodeld in Sources */,
				AC59DC092A2D276400918122 /* ResendQuestionView.swift in Sources */,
				ACAD537B2A1586650090B94A /* QuizUserAnswer.swift in Sources */,
				AC5147882A290DBA000CF39D /* Route.swift in Sources */,
				ACD33D0D2A3129350042F81A /* DecksListView.swift in Sources */,
			);
			runOnlyForDeploymentPostprocessing = 0;
		};
		AC14F8DE2A06CD870049D669 /* Sources */ = {
			isa = PBXSourcesBuildPhase;
			buildActionMask = 2147483647;
			files = (
				ACA192882A17D97900539527 /* QuizTests.swift in Sources */,
				AC8669E52A1293A2009FF5D5 /* QuizServiceTests.swift in Sources */,
				AC95D10D2A152CEF0033BB79 /* QuizServiceResponseTests.swift in Sources */,
				ACBABFC32A16B54000619031 /* QuizSequenceTests.swift in Sources */,
				ACB1B39B2A0AFD7300607F12 /* UNNotification+QuestionTests.swift in Sources */,
				AC95D1112A15620B0033BB79 /* ScoreKeeperTests.swift in Sources */,
				AC59DC0B2A2D301500918122 /* NotificationAuthManagerTests.swift in Sources */,
			);
			runOnlyForDeploymentPostprocessing = 0;
		};
		AC14F8E82A06CD870049D669 /* Sources */ = {
			isa = PBXSourcesBuildPhase;
			buildActionMask = 2147483647;
			files = (
				AC14F8F12A06CD870049D669 /* Chaos_CardsUITests.swift in Sources */,
				AC14F8F32A06CD870049D669 /* Chaos_CardsUITestsLaunchTests.swift in Sources */,
			);
			runOnlyForDeploymentPostprocessing = 0;
		};
/* End PBXSourcesBuildPhase section */

/* Begin PBXTargetDependency section */
		AC14F8E42A06CD870049D669 /* PBXTargetDependency */ = {
			isa = PBXTargetDependency;
			target = AC14F8D12A06CD860049D669 /* Chaos Cards */;
			targetProxy = AC14F8E32A06CD870049D669 /* PBXContainerItemProxy */;
		};
		AC14F8EE2A06CD870049D669 /* PBXTargetDependency */ = {
			isa = PBXTargetDependency;
			target = AC14F8D12A06CD860049D669 /* Chaos Cards */;
			targetProxy = AC14F8ED2A06CD870049D669 /* PBXContainerItemProxy */;
		};
/* End PBXTargetDependency section */

/* Begin XCBuildConfiguration section */
		AC14F8F42A06CD870049D669 /* Debug */ = {
			isa = XCBuildConfiguration;
			buildSettings = {
				ALWAYS_SEARCH_USER_PATHS = NO;
				CLANG_ANALYZER_NONNULL = YES;
				CLANG_ANALYZER_NUMBER_OBJECT_CONVERSION = YES_AGGRESSIVE;
				CLANG_CXX_LANGUAGE_STANDARD = "gnu++20";
				CLANG_ENABLE_MODULES = YES;
				CLANG_ENABLE_OBJC_ARC = YES;
				CLANG_ENABLE_OBJC_WEAK = YES;
				CLANG_WARN_BLOCK_CAPTURE_AUTORELEASING = YES;
				CLANG_WARN_BOOL_CONVERSION = YES;
				CLANG_WARN_COMMA = YES;
				CLANG_WARN_CONSTANT_CONVERSION = YES;
				CLANG_WARN_DEPRECATED_OBJC_IMPLEMENTATIONS = YES;
				CLANG_WARN_DIRECT_OBJC_ISA_USAGE = YES_ERROR;
				CLANG_WARN_DOCUMENTATION_COMMENTS = YES;
				CLANG_WARN_EMPTY_BODY = YES;
				CLANG_WARN_ENUM_CONVERSION = YES;
				CLANG_WARN_INFINITE_RECURSION = YES;
				CLANG_WARN_INT_CONVERSION = YES;
				CLANG_WARN_NON_LITERAL_NULL_CONVERSION = YES;
				CLANG_WARN_OBJC_IMPLICIT_RETAIN_SELF = YES;
				CLANG_WARN_OBJC_LITERAL_CONVERSION = YES;
				CLANG_WARN_OBJC_ROOT_CLASS = YES_ERROR;
				CLANG_WARN_QUOTED_INCLUDE_IN_FRAMEWORK_HEADER = YES;
				CLANG_WARN_RANGE_LOOP_ANALYSIS = YES;
				CLANG_WARN_STRICT_PROTOTYPES = YES;
				CLANG_WARN_SUSPICIOUS_MOVE = YES;
				CLANG_WARN_UNGUARDED_AVAILABILITY = YES_AGGRESSIVE;
				CLANG_WARN_UNREACHABLE_CODE = YES;
				CLANG_WARN__DUPLICATE_METHOD_MATCH = YES;
				COPY_PHASE_STRIP = NO;
				DEBUG_INFORMATION_FORMAT = dwarf;
				ENABLE_STRICT_OBJC_MSGSEND = YES;
				ENABLE_TESTABILITY = YES;
				GCC_C_LANGUAGE_STANDARD = gnu11;
				GCC_DYNAMIC_NO_PIC = NO;
				GCC_NO_COMMON_BLOCKS = YES;
				GCC_OPTIMIZATION_LEVEL = 0;
				GCC_PREPROCESSOR_DEFINITIONS = (
					"DEBUG=1",
					"$(inherited)",
				);
				GCC_WARN_64_TO_32_BIT_CONVERSION = YES;
				GCC_WARN_ABOUT_RETURN_TYPE = YES_ERROR;
				GCC_WARN_UNDECLARED_SELECTOR = YES;
				GCC_WARN_UNINITIALIZED_AUTOS = YES_AGGRESSIVE;
				GCC_WARN_UNUSED_FUNCTION = YES;
				GCC_WARN_UNUSED_VARIABLE = YES;
				IPHONEOS_DEPLOYMENT_TARGET = 16.2;
				MTL_ENABLE_DEBUG_INFO = INCLUDE_SOURCE;
				MTL_FAST_MATH = YES;
				ONLY_ACTIVE_ARCH = YES;
				SDKROOT = iphoneos;
				SWIFT_ACTIVE_COMPILATION_CONDITIONS = DEBUG;
				SWIFT_OPTIMIZATION_LEVEL = "-Onone";
			};
			name = Debug;
		};
		AC14F8F52A06CD870049D669 /* Release */ = {
			isa = XCBuildConfiguration;
			buildSettings = {
				ALWAYS_SEARCH_USER_PATHS = NO;
				CLANG_ANALYZER_NONNULL = YES;
				CLANG_ANALYZER_NUMBER_OBJECT_CONVERSION = YES_AGGRESSIVE;
				CLANG_CXX_LANGUAGE_STANDARD = "gnu++20";
				CLANG_ENABLE_MODULES = YES;
				CLANG_ENABLE_OBJC_ARC = YES;
				CLANG_ENABLE_OBJC_WEAK = YES;
				CLANG_WARN_BLOCK_CAPTURE_AUTORELEASING = YES;
				CLANG_WARN_BOOL_CONVERSION = YES;
				CLANG_WARN_COMMA = YES;
				CLANG_WARN_CONSTANT_CONVERSION = YES;
				CLANG_WARN_DEPRECATED_OBJC_IMPLEMENTATIONS = YES;
				CLANG_WARN_DIRECT_OBJC_ISA_USAGE = YES_ERROR;
				CLANG_WARN_DOCUMENTATION_COMMENTS = YES;
				CLANG_WARN_EMPTY_BODY = YES;
				CLANG_WARN_ENUM_CONVERSION = YES;
				CLANG_WARN_INFINITE_RECURSION = YES;
				CLANG_WARN_INT_CONVERSION = YES;
				CLANG_WARN_NON_LITERAL_NULL_CONVERSION = YES;
				CLANG_WARN_OBJC_IMPLICIT_RETAIN_SELF = YES;
				CLANG_WARN_OBJC_LITERAL_CONVERSION = YES;
				CLANG_WARN_OBJC_ROOT_CLASS = YES_ERROR;
				CLANG_WARN_QUOTED_INCLUDE_IN_FRAMEWORK_HEADER = YES;
				CLANG_WARN_RANGE_LOOP_ANALYSIS = YES;
				CLANG_WARN_STRICT_PROTOTYPES = YES;
				CLANG_WARN_SUSPICIOUS_MOVE = YES;
				CLANG_WARN_UNGUARDED_AVAILABILITY = YES_AGGRESSIVE;
				CLANG_WARN_UNREACHABLE_CODE = YES;
				CLANG_WARN__DUPLICATE_METHOD_MATCH = YES;
				COPY_PHASE_STRIP = NO;
				DEBUG_INFORMATION_FORMAT = "dwarf-with-dsym";
				ENABLE_NS_ASSERTIONS = NO;
				ENABLE_STRICT_OBJC_MSGSEND = YES;
				GCC_C_LANGUAGE_STANDARD = gnu11;
				GCC_NO_COMMON_BLOCKS = YES;
				GCC_WARN_64_TO_32_BIT_CONVERSION = YES;
				GCC_WARN_ABOUT_RETURN_TYPE = YES_ERROR;
				GCC_WARN_UNDECLARED_SELECTOR = YES;
				GCC_WARN_UNINITIALIZED_AUTOS = YES_AGGRESSIVE;
				GCC_WARN_UNUSED_FUNCTION = YES;
				GCC_WARN_UNUSED_VARIABLE = YES;
				IPHONEOS_DEPLOYMENT_TARGET = 16.2;
				MTL_ENABLE_DEBUG_INFO = NO;
				MTL_FAST_MATH = YES;
				SDKROOT = iphoneos;
				SWIFT_COMPILATION_MODE = wholemodule;
				SWIFT_OPTIMIZATION_LEVEL = "-O";
				VALIDATE_PRODUCT = YES;
			};
			name = Release;
		};
		AC14F8F72A06CD870049D669 /* Debug */ = {
			isa = XCBuildConfiguration;
			buildSettings = {
				ASSETCATALOG_COMPILER_APPICON_NAME = AppIcon;
				ASSETCATALOG_COMPILER_GLOBAL_ACCENT_COLOR_NAME = AccentColor;
				CODE_SIGN_STYLE = Automatic;
				CURRENT_PROJECT_VERSION = 2;
				DEVELOPMENT_ASSET_PATHS = "\"Chaos Cards/Preview Content\"";
				DEVELOPMENT_TEAM = 6QY69PUF72;
				ENABLE_PREVIEWS = YES;
				GENERATE_INFOPLIST_FILE = YES;
				INFOPLIST_FILE = "Chaos-Cards-Info.plist";
				INFOPLIST_KEY_UIApplicationSceneManifest_Generation = YES;
				INFOPLIST_KEY_UIApplicationSupportsIndirectInputEvents = YES;
				INFOPLIST_KEY_UILaunchScreen_Generation = YES;
				INFOPLIST_KEY_UISupportedInterfaceOrientations = "UIInterfaceOrientationLandscapeLeft UIInterfaceOrientationLandscapeRight UIInterfaceOrientationPortrait";
				INFOPLIST_KEY_UISupportedInterfaceOrientations_iPad = "UIInterfaceOrientationLandscapeLeft UIInterfaceOrientationLandscapeRight UIInterfaceOrientationPortrait UIInterfaceOrientationPortraitUpsideDown";
				LD_RUNPATH_SEARCH_PATHS = (
					"$(inherited)",
					"@executable_path/Frameworks",
				);
				MARKETING_VERSION = 0.1;
				PRODUCT_BUNDLE_IDENTIFIER = "com.joybending.Chaos-Cards";
				PRODUCT_NAME = "$(TARGET_NAME)";
				SWIFT_EMIT_LOC_STRINGS = YES;
				SWIFT_VERSION = 5.0;
				TARGETED_DEVICE_FAMILY = "1,2";
			};
			name = Debug;
		};
		AC14F8F82A06CD870049D669 /* Release */ = {
			isa = XCBuildConfiguration;
			buildSettings = {
				ASSETCATALOG_COMPILER_APPICON_NAME = AppIcon;
				ASSETCATALOG_COMPILER_GLOBAL_ACCENT_COLOR_NAME = AccentColor;
				CODE_SIGN_STYLE = Automatic;
				CURRENT_PROJECT_VERSION = 2;
				DEVELOPMENT_ASSET_PATHS = "\"Chaos Cards/Preview Content\"";
				DEVELOPMENT_TEAM = 6QY69PUF72;
				ENABLE_PREVIEWS = YES;
				GENERATE_INFOPLIST_FILE = YES;
				INFOPLIST_FILE = "Chaos-Cards-Info.plist";
				INFOPLIST_KEY_UIApplicationSceneManifest_Generation = YES;
				INFOPLIST_KEY_UIApplicationSupportsIndirectInputEvents = YES;
				INFOPLIST_KEY_UILaunchScreen_Generation = YES;
				INFOPLIST_KEY_UISupportedInterfaceOrientations = "UIInterfaceOrientationLandscapeLeft UIInterfaceOrientationLandscapeRight UIInterfaceOrientationPortrait";
				INFOPLIST_KEY_UISupportedInterfaceOrientations_iPad = "UIInterfaceOrientationLandscapeLeft UIInterfaceOrientationLandscapeRight UIInterfaceOrientationPortrait UIInterfaceOrientationPortraitUpsideDown";
				LD_RUNPATH_SEARCH_PATHS = (
					"$(inherited)",
					"@executable_path/Frameworks",
				);
				MARKETING_VERSION = 0.1;
				PRODUCT_BUNDLE_IDENTIFIER = "com.joybending.Chaos-Cards";
				PRODUCT_NAME = "$(TARGET_NAME)";
				SWIFT_EMIT_LOC_STRINGS = YES;
				SWIFT_VERSION = 5.0;
				TARGETED_DEVICE_FAMILY = "1,2";
			};
			name = Release;
		};
		AC14F8FA2A06CD870049D669 /* Debug */ = {
			isa = XCBuildConfiguration;
			buildSettings = {
				ALWAYS_EMBED_SWIFT_STANDARD_LIBRARIES = YES;
				BUNDLE_LOADER = "$(TEST_HOST)";
				CODE_SIGN_STYLE = Automatic;
				CURRENT_PROJECT_VERSION = 1;
				DEVELOPMENT_TEAM = 6QY69PUF72;
				GENERATE_INFOPLIST_FILE = YES;
				IPHONEOS_DEPLOYMENT_TARGET = 16.2;
				MARKETING_VERSION = 1.0;
				PRODUCT_BUNDLE_IDENTIFIER = "com.joybending.Chaos-CardsTests";
				PRODUCT_NAME = "$(TARGET_NAME)";
				SWIFT_EMIT_LOC_STRINGS = NO;
				SWIFT_VERSION = 5.0;
				TARGETED_DEVICE_FAMILY = "1,2";
				TEST_HOST = "$(BUILT_PRODUCTS_DIR)/Chaos Cards.app/$(BUNDLE_EXECUTABLE_FOLDER_PATH)/Chaos Cards";
			};
			name = Debug;
		};
		AC14F8FB2A06CD870049D669 /* Release */ = {
			isa = XCBuildConfiguration;
			buildSettings = {
				ALWAYS_EMBED_SWIFT_STANDARD_LIBRARIES = YES;
				BUNDLE_LOADER = "$(TEST_HOST)";
				CODE_SIGN_STYLE = Automatic;
				CURRENT_PROJECT_VERSION = 1;
				DEVELOPMENT_TEAM = 6QY69PUF72;
				GENERATE_INFOPLIST_FILE = YES;
				IPHONEOS_DEPLOYMENT_TARGET = 16.2;
				MARKETING_VERSION = 1.0;
				PRODUCT_BUNDLE_IDENTIFIER = "com.joybending.Chaos-CardsTests";
				PRODUCT_NAME = "$(TARGET_NAME)";
				SWIFT_EMIT_LOC_STRINGS = NO;
				SWIFT_VERSION = 5.0;
				TARGETED_DEVICE_FAMILY = "1,2";
				TEST_HOST = "$(BUILT_PRODUCTS_DIR)/Chaos Cards.app/$(BUNDLE_EXECUTABLE_FOLDER_PATH)/Chaos Cards";
			};
			name = Release;
		};
		AC14F8FD2A06CD870049D669 /* Debug */ = {
			isa = XCBuildConfiguration;
			buildSettings = {
				ALWAYS_EMBED_SWIFT_STANDARD_LIBRARIES = YES;
				CODE_SIGN_STYLE = Automatic;
				CURRENT_PROJECT_VERSION = 1;
				DEVELOPMENT_TEAM = 6QY69PUF72;
				GENERATE_INFOPLIST_FILE = YES;
				MARKETING_VERSION = 1.0;
				PRODUCT_BUNDLE_IDENTIFIER = "com.joybending.Chaos-CardsUITests";
				PRODUCT_NAME = "$(TARGET_NAME)";
				SWIFT_EMIT_LOC_STRINGS = NO;
				SWIFT_VERSION = 5.0;
				TARGETED_DEVICE_FAMILY = "1,2";
				TEST_TARGET_NAME = "Chaos Cards";
			};
			name = Debug;
		};
		AC14F8FE2A06CD870049D669 /* Release */ = {
			isa = XCBuildConfiguration;
			buildSettings = {
				ALWAYS_EMBED_SWIFT_STANDARD_LIBRARIES = YES;
				CODE_SIGN_STYLE = Automatic;
				CURRENT_PROJECT_VERSION = 1;
				DEVELOPMENT_TEAM = 6QY69PUF72;
				GENERATE_INFOPLIST_FILE = YES;
				MARKETING_VERSION = 1.0;
				PRODUCT_BUNDLE_IDENTIFIER = "com.joybending.Chaos-CardsUITests";
				PRODUCT_NAME = "$(TARGET_NAME)";
				SWIFT_EMIT_LOC_STRINGS = NO;
				SWIFT_VERSION = 5.0;
				TARGETED_DEVICE_FAMILY = "1,2";
				TEST_TARGET_NAME = "Chaos Cards";
			};
			name = Release;
		};
/* End XCBuildConfiguration section */

/* Begin XCConfigurationList section */
		AC14F8CD2A06CD860049D669 /* Build configuration list for PBXProject "Chaos Cards" */ = {
			isa = XCConfigurationList;
			buildConfigurations = (
				AC14F8F42A06CD870049D669 /* Debug */,
				AC14F8F52A06CD870049D669 /* Release */,
			);
			defaultConfigurationIsVisible = 0;
			defaultConfigurationName = Release;
		};
		AC14F8F62A06CD870049D669 /* Build configuration list for PBXNativeTarget "Chaos Cards" */ = {
			isa = XCConfigurationList;
			buildConfigurations = (
				AC14F8F72A06CD870049D669 /* Debug */,
				AC14F8F82A06CD870049D669 /* Release */,
			);
			defaultConfigurationIsVisible = 0;
			defaultConfigurationName = Release;
		};
		AC14F8F92A06CD870049D669 /* Build configuration list for PBXNativeTarget "Chaos CardsTests" */ = {
			isa = XCConfigurationList;
			buildConfigurations = (
				AC14F8FA2A06CD870049D669 /* Debug */,
				AC14F8FB2A06CD870049D669 /* Release */,
			);
			defaultConfigurationIsVisible = 0;
			defaultConfigurationName = Release;
		};
		AC14F8FC2A06CD870049D669 /* Build configuration list for PBXNativeTarget "Chaos CardsUITests" */ = {
			isa = XCConfigurationList;
			buildConfigurations = (
				AC14F8FD2A06CD870049D669 /* Debug */,
				AC14F8FE2A06CD870049D669 /* Release */,
			);
			defaultConfigurationIsVisible = 0;
			defaultConfigurationName = Release;
		};
/* End XCConfigurationList section */

/* Begin XCVersionGroup section */
		ACD33D072A3126420042F81A /* ChaosCards.xcdatamodeld */ = {
			isa = XCVersionGroup;
			children = (
				ACD33D082A3126420042F81A /* ChaosCards.xcdatamodel */,
			);
			currentVersion = ACD33D082A3126420042F81A /* ChaosCards.xcdatamodel */;
			path = ChaosCards.xcdatamodeld;
			sourceTree = "<group>";
			versionGroupType = wrapper.xcdatamodel;
		};
/* End XCVersionGroup section */
	};
	rootObject = AC14F8CA2A06CD860049D669 /* Project object */;
}
